// !$*UTF8*$!
{
	archiveVersion = 1;
	classes = {
	};
	objectVersion = 77;
	objects = {

/* Begin PBXBuildFile section */
		1F6FC8012D3EBECD00810270 /* MyNetworkManager in Frameworks */ = {isa = PBXBuildFile; productRef = 1F6FC8002D3EBECD00810270 /* MyNetworkManager */; };
		1FDB08FE2D31665200435A22 /* Lottie in Frameworks */ = {isa = PBXBuildFile; productRef = 1FDB08FD2D31665200435A22 /* Lottie */; };
		1FDB09022D3180F900435A22 /* FirebaseAuth in Frameworks */ = {isa = PBXBuildFile; productRef = 1FDB09012D3180F900435A22 /* FirebaseAuth */; };
		1FDB09042D3180F900435A22 /* FirebaseCore in Frameworks */ = {isa = PBXBuildFile; productRef = 1FDB09032D3180F900435A22 /* FirebaseCore */; };
		1FDB09062D3180F900435A22 /* FirebaseDatabase in Frameworks */ = {isa = PBXBuildFile; productRef = 1FDB09052D3180F900435A22 /* FirebaseDatabase */; };
		1FDB09082D3180F900435A22 /* FirebaseFirestore in Frameworks */ = {isa = PBXBuildFile; productRef = 1FDB09072D3180F900435A22 /* FirebaseFirestore */; };
		1FDB090A2D3180F900435A22 /* FirebaseMessaging in Frameworks */ = {isa = PBXBuildFile; productRef = 1FDB09092D3180F900435A22 /* FirebaseMessaging */; };
		1FDB090C2D3180F900435A22 /* FirebaseStorage in Frameworks */ = {isa = PBXBuildFile; productRef = 1FDB090B2D3180F900435A22 /* FirebaseStorage */; };
/* End PBXBuildFile section */

/* Begin PBXContainerItemProxy section */
		1FC435F92D301A7B0048EB5C /* PBXContainerItemProxy */ = {
			isa = PBXContainerItemProxy;
			containerPortal = 1FC435DA2D301A7A0048EB5C /* Project object */;
			proxyType = 1;
			remoteGlobalIDString = 1FC435E12D301A7A0048EB5C;
			remoteInfo = "E-Fashion";
		};
		1FC436032D301A7C0048EB5C /* PBXContainerItemProxy */ = {
			isa = PBXContainerItemProxy;
			containerPortal = 1FC435DA2D301A7A0048EB5C /* Project object */;
			proxyType = 1;
			remoteGlobalIDString = 1FC435E12D301A7A0048EB5C;
			remoteInfo = "E-Fashion";
		};
/* End PBXContainerItemProxy section */

/* Begin PBXFileReference section */
		1FC435E22D301A7A0048EB5C /* E-Fashion.app */ = {isa = PBXFileReference; explicitFileType = wrapper.application; includeInIndex = 0; path = "E-Fashion.app"; sourceTree = BUILT_PRODUCTS_DIR; };
		1FC435F82D301A7B0048EB5C /* E-FashionTests.xctest */ = {isa = PBXFileReference; explicitFileType = wrapper.cfbundle; includeInIndex = 0; path = "E-FashionTests.xctest"; sourceTree = BUILT_PRODUCTS_DIR; };
		1FC436022D301A7C0048EB5C /* E-FashionUITests.xctest */ = {isa = PBXFileReference; explicitFileType = wrapper.cfbundle; includeInIndex = 0; path = "E-FashionUITests.xctest"; sourceTree = BUILT_PRODUCTS_DIR; };
/* End PBXFileReference section */

/* Begin PBXFileSystemSynchronizedBuildFileExceptionSet section */
		1F8ECF8C2D31AEB900C74BF7 /* Exceptions for "E-Fashion" folder in "E-Fashion" target */ = {
			isa = PBXFileSystemSynchronizedBuildFileExceptionSet;
			membershipExceptions = (
				Resources/Info.plist,
			);
			target = 1FC435E12D301A7A0048EB5C /* E-Fashion */;
		};
/* End PBXFileSystemSynchronizedBuildFileExceptionSet section */

/* Begin PBXFileSystemSynchronizedRootGroup section */
		1FC435E42D301A7A0048EB5C /* E-Fashion */ = {
			isa = PBXFileSystemSynchronizedRootGroup;
			exceptions = (
				1F8ECF8C2D31AEB900C74BF7 /* Exceptions for "E-Fashion" folder in "E-Fashion" target */,
			);
			path = "E-Fashion";
			sourceTree = "<group>";
		};
		1FC435FB2D301A7B0048EB5C /* E-FashionTests */ = {
			isa = PBXFileSystemSynchronizedRootGroup;
			path = "E-FashionTests";
			sourceTree = "<group>";
		};
		1FC436052D301A7C0048EB5C /* E-FashionUITests */ = {
			isa = PBXFileSystemSynchronizedRootGroup;
			path = "E-FashionUITests";
			sourceTree = "<group>";
		};
/* End PBXFileSystemSynchronizedRootGroup section */

/* Begin PBXFrameworksBuildPhase section */
		1FC435DF2D301A7A0048EB5C /* Frameworks */ = {
			isa = PBXFrameworksBuildPhase;
			buildActionMask = 2147483647;
			files = (
				1FDB090A2D3180F900435A22 /* FirebaseMessaging in Frameworks */,
				1FDB08FE2D31665200435A22 /* Lottie in Frameworks */,
				1FDB09042D3180F900435A22 /* FirebaseCore in Frameworks */,
				1F6FC8012D3EBECD00810270 /* MyNetworkManager in Frameworks */,
				1FDB09062D3180F900435A22 /* FirebaseDatabase in Frameworks */,
				1FDB090C2D3180F900435A22 /* FirebaseStorage in Frameworks */,
				1FDB09082D3180F900435A22 /* FirebaseFirestore in Frameworks */,
				1FDB09022D3180F900435A22 /* FirebaseAuth in Frameworks */,
			);
			runOnlyForDeploymentPostprocessing = 0;
		};
		1FC435F52D301A7B0048EB5C /* Frameworks */ = {
			isa = PBXFrameworksBuildPhase;
			buildActionMask = 2147483647;
			files = (
			);
			runOnlyForDeploymentPostprocessing = 0;
		};
		1FC435FF2D301A7C0048EB5C /* Frameworks */ = {
			isa = PBXFrameworksBuildPhase;
			buildActionMask = 2147483647;
			files = (
			);
			runOnlyForDeploymentPostprocessing = 0;
		};
/* End PBXFrameworksBuildPhase section */

/* Begin PBXGroup section */
		1FC435D92D301A7A0048EB5C = {
			isa = PBXGroup;
			children = (
				1FC435E42D301A7A0048EB5C /* E-Fashion */,
				1FC435FB2D301A7B0048EB5C /* E-FashionTests */,
				1FC436052D301A7C0048EB5C /* E-FashionUITests */,
				1FC435E32D301A7A0048EB5C /* Products */,
			);
			sourceTree = "<group>";
		};
		1FC435E32D301A7A0048EB5C /* Products */ = {
			isa = PBXGroup;
			children = (
				1FC435E22D301A7A0048EB5C /* E-Fashion.app */,
				1FC435F82D301A7B0048EB5C /* E-FashionTests.xctest */,
				1FC436022D301A7C0048EB5C /* E-FashionUITests.xctest */,
			);
			name = Products;
			sourceTree = "<group>";
		};
/* End PBXGroup section */

/* Begin PBXNativeTarget section */
		1FC435E12D301A7A0048EB5C /* E-Fashion */ = {
			isa = PBXNativeTarget;
			buildConfigurationList = 1FC4360B2D301A7C0048EB5C /* Build configuration list for PBXNativeTarget "E-Fashion" */;
			buildPhases = (
				1FC435DE2D301A7A0048EB5C /* Sources */,
				1FC435DF2D301A7A0048EB5C /* Frameworks */,
				1FC435E02D301A7A0048EB5C /* Resources */,
			);
			buildRules = (
			);
			dependencies = (
			);
			fileSystemSynchronizedGroups = (
				1FC435E42D301A7A0048EB5C /* E-Fashion */,
			);
			name = "E-Fashion";
			packageProductDependencies = (
				1FDB08FD2D31665200435A22 /* Lottie */,
				1FDB09012D3180F900435A22 /* FirebaseAuth */,
				1FDB09032D3180F900435A22 /* FirebaseCore */,
				1FDB09052D3180F900435A22 /* FirebaseDatabase */,
				1FDB09072D3180F900435A22 /* FirebaseFirestore */,
				1FDB09092D3180F900435A22 /* FirebaseMessaging */,
				1FDB090B2D3180F900435A22 /* FirebaseStorage */,
				1F6FC8002D3EBECD00810270 /* MyNetworkManager */,
			);
			productName = "E-Fashion";
			productReference = 1FC435E22D301A7A0048EB5C /* E-Fashion.app */;
			productType = "com.apple.product-type.application";
		};
		1FC435F72D301A7B0048EB5C /* E-FashionTests */ = {
			isa = PBXNativeTarget;
			buildConfigurationList = 1FC436102D301A7C0048EB5C /* Build configuration list for PBXNativeTarget "E-FashionTests" */;
			buildPhases = (
				1FC435F42D301A7B0048EB5C /* Sources */,
				1FC435F52D301A7B0048EB5C /* Frameworks */,
				1FC435F62D301A7B0048EB5C /* Resources */,
			);
			buildRules = (
			);
			dependencies = (
				1FC435FA2D301A7B0048EB5C /* PBXTargetDependency */,
			);
			fileSystemSynchronizedGroups = (
				1FC435FB2D301A7B0048EB5C /* E-FashionTests */,
			);
			name = "E-FashionTests";
			packageProductDependencies = (
			);
			productName = "E-FashionTests";
			productReference = 1FC435F82D301A7B0048EB5C /* E-FashionTests.xctest */;
			productType = "com.apple.product-type.bundle.unit-test";
		};
		1FC436012D301A7C0048EB5C /* E-FashionUITests */ = {
			isa = PBXNativeTarget;
			buildConfigurationList = 1FC436132D301A7C0048EB5C /* Build configuration list for PBXNativeTarget "E-FashionUITests" */;
			buildPhases = (
				1FC435FE2D301A7C0048EB5C /* Sources */,
				1FC435FF2D301A7C0048EB5C /* Frameworks */,
				1FC436002D301A7C0048EB5C /* Resources */,
			);
			buildRules = (
			);
			dependencies = (
				1FC436042D301A7C0048EB5C /* PBXTargetDependency */,
			);
			fileSystemSynchronizedGroups = (
				1FC436052D301A7C0048EB5C /* E-FashionUITests */,
			);
			name = "E-FashionUITests";
			packageProductDependencies = (
			);
			productName = "E-FashionUITests";
			productReference = 1FC436022D301A7C0048EB5C /* E-FashionUITests.xctest */;
			productType = "com.apple.product-type.bundle.ui-testing";
		};
/* End PBXNativeTarget section */

/* Begin PBXProject section */
		1FC435DA2D301A7A0048EB5C /* Project object */ = {
			isa = PBXProject;
			attributes = {
				BuildIndependentTargetsInParallel = 1;
				LastSwiftUpdateCheck = 1620;
				LastUpgradeCheck = 1620;
				TargetAttributes = {
					1FC435E12D301A7A0048EB5C = {
						CreatedOnToolsVersion = 16.2;
					};
					1FC435F72D301A7B0048EB5C = {
						CreatedOnToolsVersion = 16.2;
						TestTargetID = 1FC435E12D301A7A0048EB5C;
					};
					1FC436012D301A7C0048EB5C = {
						CreatedOnToolsVersion = 16.2;
						TestTargetID = 1FC435E12D301A7A0048EB5C;
					};
				};
			};
			buildConfigurationList = 1FC435DD2D301A7A0048EB5C /* Build configuration list for PBXProject "E-Fashion" */;
			developmentRegion = en;
			hasScannedForEncodings = 0;
			knownRegions = (
				en,
				Base,
			);
			mainGroup = 1FC435D92D301A7A0048EB5C;
			minimizedProjectReferenceProxies = 1;
			packageReferences = (
				1FDB08FC2D31665200435A22 /* XCRemoteSwiftPackageReference "lottie-ios" */,
				1FDB09002D3180F900435A22 /* XCRemoteSwiftPackageReference "firebase-ios-sdk" */,
				1F6FC7FF2D3EBECD00810270 /* XCRemoteSwiftPackageReference "NetworkManager" */,
			);
			preferredProjectObjectVersion = 77;
			productRefGroup = 1FC435E32D301A7A0048EB5C /* Products */;
			projectDirPath = "";
			projectRoot = "";
			targets = (
				1FC435E12D301A7A0048EB5C /* E-Fashion */,
				1FC435F72D301A7B0048EB5C /* E-FashionTests */,
				1FC436012D301A7C0048EB5C /* E-FashionUITests */,
			);
		};
/* End PBXProject section */

/* Begin PBXResourcesBuildPhase section */
		1FC435E02D301A7A0048EB5C /* Resources */ = {
			isa = PBXResourcesBuildPhase;
			buildActionMask = 2147483647;
			files = (
			);
			runOnlyForDeploymentPostprocessing = 0;
		};
		1FC435F62D301A7B0048EB5C /* Resources */ = {
			isa = PBXResourcesBuildPhase;
			buildActionMask = 2147483647;
			files = (
			);
			runOnlyForDeploymentPostprocessing = 0;
		};
		1FC436002D301A7C0048EB5C /* Resources */ = {
			isa = PBXResourcesBuildPhase;
			buildActionMask = 2147483647;
			files = (
			);
			runOnlyForDeploymentPostprocessing = 0;
		};
/* End PBXResourcesBuildPhase section */

/* Begin PBXSourcesBuildPhase section */
		1FC435DE2D301A7A0048EB5C /* Sources */ = {
			isa = PBXSourcesBuildPhase;
			buildActionMask = 2147483647;
			files = (
			);
			runOnlyForDeploymentPostprocessing = 0;
		};
		1FC435F42D301A7B0048EB5C /* Sources */ = {
			isa = PBXSourcesBuildPhase;
			buildActionMask = 2147483647;
			files = (
			);
			runOnlyForDeploymentPostprocessing = 0;
		};
		1FC435FE2D301A7C0048EB5C /* Sources */ = {
			isa = PBXSourcesBuildPhase;
			buildActionMask = 2147483647;
			files = (
			);
			runOnlyForDeploymentPostprocessing = 0;
		};
/* End PBXSourcesBuildPhase section */

/* Begin PBXTargetDependency section */
		1FC435FA2D301A7B0048EB5C /* PBXTargetDependency */ = {
			isa = PBXTargetDependency;
			target = 1FC435E12D301A7A0048EB5C /* E-Fashion */;
			targetProxy = 1FC435F92D301A7B0048EB5C /* PBXContainerItemProxy */;
		};
		1FC436042D301A7C0048EB5C /* PBXTargetDependency */ = {
			isa = PBXTargetDependency;
			target = 1FC435E12D301A7A0048EB5C /* E-Fashion */;
			targetProxy = 1FC436032D301A7C0048EB5C /* PBXContainerItemProxy */;
		};
/* End PBXTargetDependency section */

/* Begin XCBuildConfiguration section */
		1FC4360C2D301A7C0048EB5C /* Debug */ = {
			isa = XCBuildConfiguration;
			buildSettings = {
				ASSETCATALOG_COMPILER_APPICON_NAME = AppIcon;
				ASSETCATALOG_COMPILER_GLOBAL_ACCENT_COLOR_NAME = AccentColor;
				CODE_SIGN_STYLE = Automatic;
				CURRENT_PROJECT_VERSION = 1;
				DEVELOPMENT_TEAM = 6769JBWNT9;
				GENERATE_INFOPLIST_FILE = YES;
				INFOPLIST_FILE = "E-Fashion/Resources/Info.plist";
				INFOPLIST_KEY_UIApplicationSupportsIndirectInputEvents = YES;
				INFOPLIST_KEY_UILaunchStoryboardName = LaunchScreen;
				INFOPLIST_KEY_UISupportedInterfaceOrientations_iPad = "UIInterfaceOrientationPortrait UIInterfaceOrientationPortraitUpsideDown UIInterfaceOrientationLandscapeLeft UIInterfaceOrientationLandscapeRight";
				INFOPLIST_KEY_UISupportedInterfaceOrientations_iPhone = "UIInterfaceOrientationPortrait UIInterfaceOrientationLandscapeLeft UIInterfaceOrientationLandscapeRight";
				IPHONEOS_DEPLOYMENT_TARGET = 16.6;
				LD_RUNPATH_SEARCH_PATHS = (
					"$(inherited)",
					"@executable_path/Frameworks",
				);
				MARKETING_VERSION = 1.0;
				PRODUCT_BUNDLE_IDENTIFIER = "com.tbc.academy.E-Fashion";
				PRODUCT_NAME = "$(TARGET_NAME)";
				SUPPORTED_PLATFORMS = "iphoneos iphonesimulator";
				SUPPORTS_MACCATALYST = NO;
				SUPPORTS_MAC_DESIGNED_FOR_IPHONE_IPAD = NO;
				SUPPORTS_XR_DESIGNED_FOR_IPHONE_IPAD = NO;
				SWIFT_EMIT_LOC_STRINGS = YES;
				SWIFT_VERSION = 5.0;
				TARGETED_DEVICE_FAMILY = "1,2";
			};
			name = Debug;
		};
		1FC4360D2D301A7C0048EB5C /* Release */ = {
			isa = XCBuildConfiguration;
			buildSettings = {
				ASSETCATALOG_COMPILER_APPICON_NAME = AppIcon;
				ASSETCATALOG_COMPILER_GLOBAL_ACCENT_COLOR_NAME = AccentColor;
				CODE_SIGN_STYLE = Automatic;
				CURRENT_PROJECT_VERSION = 1;
				DEVELOPMENT_TEAM = 6769JBWNT9;
				GENERATE_INFOPLIST_FILE = YES;
				INFOPLIST_FILE = "E-Fashion/Resources/Info.plist";
				INFOPLIST_KEY_UIApplicationSupportsIndirectInputEvents = YES;
				INFOPLIST_KEY_UILaunchStoryboardName = LaunchScreen;
				INFOPLIST_KEY_UISupportedInterfaceOrientations_iPad = "UIInterfaceOrientationPortrait UIInterfaceOrientationPortraitUpsideDown UIInterfaceOrientationLandscapeLeft UIInterfaceOrientationLandscapeRight";
				INFOPLIST_KEY_UISupportedInterfaceOrientations_iPhone = "UIInterfaceOrientationPortrait UIInterfaceOrientationLandscapeLeft UIInterfaceOrientationLandscapeRight";
				IPHONEOS_DEPLOYMENT_TARGET = 16.6;
				LD_RUNPATH_SEARCH_PATHS = (
					"$(inherited)",
					"@executable_path/Frameworks",
				);
				MARKETING_VERSION = 1.0;
				PRODUCT_BUNDLE_IDENTIFIER = "com.tbc.academy.E-Fashion";
				PRODUCT_NAME = "$(TARGET_NAME)";
				SUPPORTED_PLATFORMS = "iphoneos iphonesimulator";
				SUPPORTS_MACCATALYST = NO;
				SUPPORTS_MAC_DESIGNED_FOR_IPHONE_IPAD = NO;
				SUPPORTS_XR_DESIGNED_FOR_IPHONE_IPAD = NO;
				SWIFT_EMIT_LOC_STRINGS = YES;
				SWIFT_VERSION = 5.0;
				TARGETED_DEVICE_FAMILY = "1,2";
			};
			name = Release;
		};
		1FC4360E2D301A7C0048EB5C /* Debug */ = {
			isa = XCBuildConfiguration;
			buildSettings = {
				ALWAYS_SEARCH_USER_PATHS = NO;
				ASSETCATALOG_COMPILER_GENERATE_SWIFT_ASSET_SYMBOL_EXTENSIONS = YES;
				CLANG_ANALYZER_NONNULL = YES;
				CLANG_ANALYZER_NUMBER_OBJECT_CONVERSION = YES_AGGRESSIVE;
				CLANG_CXX_LANGUAGE_STANDARD = "gnu++20";
				CLANG_ENABLE_MODULES = YES;
				CLANG_ENABLE_OBJC_ARC = YES;
				CLANG_ENABLE_OBJC_WEAK = YES;
				CLANG_WARN_BLOCK_CAPTURE_AUTORELEASING = YES;
				CLANG_WARN_BOOL_CONVERSION = YES;
				CLANG_WARN_COMMA = YES;
				CLANG_WARN_CONSTANT_CONVERSION = YES;
				CLANG_WARN_DEPRECATED_OBJC_IMPLEMENTATIONS = YES;
				CLANG_WARN_DIRECT_OBJC_ISA_USAGE = YES_ERROR;
				CLANG_WARN_DOCUMENTATION_COMMENTS = YES;
				CLANG_WARN_EMPTY_BODY = YES;
				CLANG_WARN_ENUM_CONVERSION = YES;
				CLANG_WARN_INFINITE_RECURSION = YES;
				CLANG_WARN_INT_CONVERSION = YES;
				CLANG_WARN_NON_LITERAL_NULL_CONVERSION = YES;
				CLANG_WARN_OBJC_IMPLICIT_RETAIN_SELF = YES;
				CLANG_WARN_OBJC_LITERAL_CONVERSION = YES;
				CLANG_WARN_OBJC_ROOT_CLASS = YES_ERROR;
				CLANG_WARN_QUOTED_INCLUDE_IN_FRAMEWORK_HEADER = YES;
				CLANG_WARN_RANGE_LOOP_ANALYSIS = YES;
				CLANG_WARN_STRICT_PROTOTYPES = YES;
				CLANG_WARN_SUSPICIOUS_MOVE = YES;
				CLANG_WARN_UNGUARDED_AVAILABILITY = YES_AGGRESSIVE;
				CLANG_WARN_UNREACHABLE_CODE = YES;
				CLANG_WARN__DUPLICATE_METHOD_MATCH = YES;
				COPY_PHASE_STRIP = NO;
				DEBUG_INFORMATION_FORMAT = dwarf;
				ENABLE_STRICT_OBJC_MSGSEND = YES;
				ENABLE_TESTABILITY = YES;
				ENABLE_USER_SCRIPT_SANDBOXING = YES;
				GCC_C_LANGUAGE_STANDARD = gnu17;
				GCC_DYNAMIC_NO_PIC = NO;
				GCC_NO_COMMON_BLOCKS = YES;
				GCC_OPTIMIZATION_LEVEL = 0;
				GCC_PREPROCESSOR_DEFINITIONS = (
					"DEBUG=1",
					"$(inherited)",
				);
				GCC_WARN_64_TO_32_BIT_CONVERSION = YES;
				GCC_WARN_ABOUT_RETURN_TYPE = YES_ERROR;
				GCC_WARN_UNDECLARED_SELECTOR = YES;
				GCC_WARN_UNINITIALIZED_AUTOS = YES_AGGRESSIVE;
				GCC_WARN_UNUSED_FUNCTION = YES;
				GCC_WARN_UNUSED_VARIABLE = YES;
				INFOPLIST_FILE = "";
				IPHONEOS_DEPLOYMENT_TARGET = 18.2;
				LOCALIZATION_PREFERS_STRING_CATALOGS = YES;
				MTL_ENABLE_DEBUG_INFO = INCLUDE_SOURCE;
				MTL_FAST_MATH = YES;
				ONLY_ACTIVE_ARCH = YES;
				SDKROOT = iphoneos;
				SWIFT_ACTIVE_COMPILATION_CONDITIONS = "DEBUG $(inherited)";
				SWIFT_OPTIMIZATION_LEVEL = "-Onone";
			};
			name = Debug;
		};
		1FC4360F2D301A7C0048EB5C /* Release */ = {
			isa = XCBuildConfiguration;
			buildSettings = {
				ALWAYS_SEARCH_USER_PATHS = NO;
				ASSETCATALOG_COMPILER_GENERATE_SWIFT_ASSET_SYMBOL_EXTENSIONS = YES;
				CLANG_ANALYZER_NONNULL = YES;
				CLANG_ANALYZER_NUMBER_OBJECT_CONVERSION = YES_AGGRESSIVE;
				CLANG_CXX_LANGUAGE_STANDARD = "gnu++20";
				CLANG_ENABLE_MODULES = YES;
				CLANG_ENABLE_OBJC_ARC = YES;
				CLANG_ENABLE_OBJC_WEAK = YES;
				CLANG_WARN_BLOCK_CAPTURE_AUTORELEASING = YES;
				CLANG_WARN_BOOL_CONVERSION = YES;
				CLANG_WARN_COMMA = YES;
				CLANG_WARN_CONSTANT_CONVERSION = YES;
				CLANG_WARN_DEPRECATED_OBJC_IMPLEMENTATIONS = YES;
				CLANG_WARN_DIRECT_OBJC_ISA_USAGE = YES_ERROR;
				CLANG_WARN_DOCUMENTATION_COMMENTS = YES;
				CLANG_WARN_EMPTY_BODY = YES;
				CLANG_WARN_ENUM_CONVERSION = YES;
				CLANG_WARN_INFINITE_RECURSION = YES;
				CLANG_WARN_INT_CONVERSION = YES;
				CLANG_WARN_NON_LITERAL_NULL_CONVERSION = YES;
				CLANG_WARN_OBJC_IMPLICIT_RETAIN_SELF = YES;
				CLANG_WARN_OBJC_LITERAL_CONVERSION = YES;
				CLANG_WARN_OBJC_ROOT_CLASS = YES_ERROR;
				CLANG_WARN_QUOTED_INCLUDE_IN_FRAMEWORK_HEADER = YES;
				CLANG_WARN_RANGE_LOOP_ANALYSIS = YES;
				CLANG_WARN_STRICT_PROTOTYPES = YES;
				CLANG_WARN_SUSPICIOUS_MOVE = YES;
				CLANG_WARN_UNGUARDED_AVAILABILITY = YES_AGGRESSIVE;
				CLANG_WARN_UNREACHABLE_CODE = YES;
				CLANG_WARN__DUPLICATE_METHOD_MATCH = YES;
				COPY_PHASE_STRIP = NO;
				DEBUG_INFORMATION_FORMAT = "dwarf-with-dsym";
				ENABLE_NS_ASSERTIONS = NO;
				ENABLE_STRICT_OBJC_MSGSEND = YES;
				ENABLE_USER_SCRIPT_SANDBOXING = YES;
				GCC_C_LANGUAGE_STANDARD = gnu17;
				GCC_NO_COMMON_BLOCKS = YES;
				GCC_WARN_64_TO_32_BIT_CONVERSION = YES;
				GCC_WARN_ABOUT_RETURN_TYPE = YES_ERROR;
				GCC_WARN_UNDECLARED_SELECTOR = YES;
				GCC_WARN_UNINITIALIZED_AUTOS = YES_AGGRESSIVE;
				GCC_WARN_UNUSED_FUNCTION = YES;
				GCC_WARN_UNUSED_VARIABLE = YES;
				INFOPLIST_FILE = "";
				IPHONEOS_DEPLOYMENT_TARGET = 18.2;
				LOCALIZATION_PREFERS_STRING_CATALOGS = YES;
				MTL_ENABLE_DEBUG_INFO = NO;
				MTL_FAST_MATH = YES;
				SDKROOT = iphoneos;
				SWIFT_COMPILATION_MODE = wholemodule;
				VALIDATE_PRODUCT = YES;
			};
			name = Release;
		};
		1FC436112D301A7C0048EB5C /* Debug */ = {
			isa = XCBuildConfiguration;
			buildSettings = {
				BUNDLE_LOADER = "$(TEST_HOST)";
				CODE_SIGN_STYLE = Automatic;
				CURRENT_PROJECT_VERSION = 1;
				DEVELOPMENT_TEAM = 6769JBWNT9;
				GENERATE_INFOPLIST_FILE = YES;
				IPHONEOS_DEPLOYMENT_TARGET = 18.2;
				MARKETING_VERSION = 1.0;
				PRODUCT_BUNDLE_IDENTIFIER = "com.tbc.academy.E-FashionTests";
				PRODUCT_NAME = "$(TARGET_NAME)";
				SWIFT_EMIT_LOC_STRINGS = NO;
				SWIFT_VERSION = 5.0;
				TARGETED_DEVICE_FAMILY = "1,2";
				TEST_HOST = "$(BUILT_PRODUCTS_DIR)/E-Fashion.app/$(BUNDLE_EXECUTABLE_FOLDER_PATH)/E-Fashion";
			};
			name = Debug;
		};
		1FC436122D301A7C0048EB5C /* Release */ = {
			isa = XCBuildConfiguration;
			buildSettings = {
				BUNDLE_LOADER = "$(TEST_HOST)";
				CODE_SIGN_STYLE = Automatic;
				CURRENT_PROJECT_VERSION = 1;
				DEVELOPMENT_TEAM = 6769JBWNT9;
				GENERATE_INFOPLIST_FILE = YES;
				IPHONEOS_DEPLOYMENT_TARGET = 18.2;
				MARKETING_VERSION = 1.0;
				PRODUCT_BUNDLE_IDENTIFIER = "com.tbc.academy.E-FashionTests";
				PRODUCT_NAME = "$(TARGET_NAME)";
				SWIFT_EMIT_LOC_STRINGS = NO;
				SWIFT_VERSION = 5.0;
				TARGETED_DEVICE_FAMILY = "1,2";
				TEST_HOST = "$(BUILT_PRODUCTS_DIR)/E-Fashion.app/$(BUNDLE_EXECUTABLE_FOLDER_PATH)/E-Fashion";
			};
			name = Release;
		};
		1FC436142D301A7C0048EB5C /* Debug */ = {
			isa = XCBuildConfiguration;
			buildSettings = {
				CODE_SIGN_STYLE = Automatic;
				CURRENT_PROJECT_VERSION = 1;
				DEVELOPMENT_TEAM = 6769JBWNT9;
				GENERATE_INFOPLIST_FILE = YES;
				MARKETING_VERSION = 1.0;
				PRODUCT_BUNDLE_IDENTIFIER = "com.tbc.academy.E-FashionUITests";
				PRODUCT_NAME = "$(TARGET_NAME)";
				SWIFT_EMIT_LOC_STRINGS = NO;
				SWIFT_VERSION = 5.0;
				TARGETED_DEVICE_FAMILY = "1,2";
				TEST_TARGET_NAME = "E-Fashion";
			};
			name = Debug;
		};
		1FC436152D301A7C0048EB5C /* Release */ = {
			isa = XCBuildConfiguration;
			buildSettings = {
				CODE_SIGN_STYLE = Automatic;
				CURRENT_PROJECT_VERSION = 1;
				DEVELOPMENT_TEAM = 6769JBWNT9;
				GENERATE_INFOPLIST_FILE = YES;
				MARKETING_VERSION = 1.0;
				PRODUCT_BUNDLE_IDENTIFIER = "com.tbc.academy.E-FashionUITests";
				PRODUCT_NAME = "$(TARGET_NAME)";
				SWIFT_EMIT_LOC_STRINGS = NO;
				SWIFT_VERSION = 5.0;
				TARGETED_DEVICE_FAMILY = "1,2";
				TEST_TARGET_NAME = "E-Fashion";
			};
			name = Release;
		};
/* End XCBuildConfiguration section */

/* Begin XCConfigurationList section */
		1FC435DD2D301A7A0048EB5C /* Build configuration list for PBXProject "E-Fashion" */ = {
			isa = XCConfigurationList;
			buildConfigurations = (
				1FC4360E2D301A7C0048EB5C /* Debug */,
				1FC4360F2D301A7C0048EB5C /* Release */,
			);
			defaultConfigurationIsVisible = 0;
			defaultConfigurationName = Release;
		};
		1FC4360B2D301A7C0048EB5C /* Build configuration list for PBXNativeTarget "E-Fashion" */ = {
			isa = XCConfigurationList;
			buildConfigurations = (
				1FC4360C2D301A7C0048EB5C /* Debug */,
				1FC4360D2D301A7C0048EB5C /* Release */,
			);
			defaultConfigurationIsVisible = 0;
			defaultConfigurationName = Release;
		};
		1FC436102D301A7C0048EB5C /* Build configuration list for PBXNativeTarget "E-FashionTests" */ = {
			isa = XCConfigurationList;
			buildConfigurations = (
				1FC436112D301A7C0048EB5C /* Debug */,
				1FC436122D301A7C0048EB5C /* Release */,
			);
			defaultConfigurationIsVisible = 0;
			defaultConfigurationName = Release;
		};
		1FC436132D301A7C0048EB5C /* Build configuration list for PBXNativeTarget "E-FashionUITests" */ = {
			isa = XCConfigurationList;
			buildConfigurations = (
				1FC436142D301A7C0048EB5C /* Debug */,
				1FC436152D301A7C0048EB5C /* Release */,
			);
			defaultConfigurationIsVisible = 0;
			defaultConfigurationName = Release;
		};
/* End XCConfigurationList section */

/* Begin XCRemoteSwiftPackageReference section */
		1F6FC7FF2D3EBECD00810270 /* XCRemoteSwiftPackageReference "NetworkManager" */ = {
			isa = XCRemoteSwiftPackageReference;
			repositoryURL = "https://github.com/Tsotne94/NetworkManager.git";
			requirement = {
				branch = main;
				kind = branch;
			};
		};
		1FDB08FC2D31665200435A22 /* XCRemoteSwiftPackageReference "lottie-ios" */ = {
			isa = XCRemoteSwiftPackageReference;
			repositoryURL = "https://github.com/airbnb/lottie-ios.git";
			requirement = {
				kind = upToNextMajorVersion;
				minimumVersion = 4.5.1;
			};
		};
		1FDB09002D3180F900435A22 /* XCRemoteSwiftPackageReference "firebase-ios-sdk" */ = {
			isa = XCRemoteSwiftPackageReference;
			repositoryURL = "https://github.com/firebase/firebase-ios-sdk";
			requirement = {
				kind = upToNextMajorVersion;
				minimumVersion = 11.6.0;
			};
		};
/* End XCRemoteSwiftPackageReference section */

/* Begin XCSwiftPackageProductDependency section */
		1F6FC8002D3EBECD00810270 /* MyNetworkManager */ = {
			isa = XCSwiftPackageProductDependency;
			package = 1F6FC7FF2D3EBECD00810270 /* XCRemoteSwiftPackageReference "NetworkManager" */;
			productName = MyNetworkManager;
		};
		1FDB08FD2D31665200435A22 /* Lottie */ = {
			isa = XCSwiftPackageProductDependency;
			package = 1FDB08FC2D31665200435A22 /* XCRemoteSwiftPackageReference "lottie-ios" */;
			productName = Lottie;
		};
		1FDB09012D3180F900435A22 /* FirebaseAuth */ = {
			isa = XCSwiftPackageProductDependency;
			package = 1FDB09002D3180F900435A22 /* XCRemoteSwiftPackageReference "firebase-ios-sdk" */;
			productName = FirebaseAuth;
		};
		1FDB09032D3180F900435A22 /* FirebaseCore */ = {
			isa = XCSwiftPackageProductDependency;
			package = 1FDB09002D3180F900435A22 /* XCRemoteSwiftPackageReference "firebase-ios-sdk" */;
			productName = FirebaseCore;
		};
		1FDB09052D3180F900435A22 /* FirebaseDatabase */ = {
			isa = XCSwiftPackageProductDependency;
			package = 1FDB09002D3180F900435A22 /* XCRemoteSwiftPackageReference "firebase-ios-sdk" */;
			productName = FirebaseDatabase;
		};
		1FDB09072D3180F900435A22 /* FirebaseFirestore */ = {
			isa = XCSwiftPackageProductDependency;
			package = 1FDB09002D3180F900435A22 /* XCRemoteSwiftPackageReference "firebase-ios-sdk" */;
			productName = FirebaseFirestore;
		};
		1FDB09092D3180F900435A22 /* FirebaseMessaging */ = {
			isa = XCSwiftPackageProductDependency;
			package = 1FDB09002D3180F900435A22 /* XCRemoteSwiftPackageReference "firebase-ios-sdk" */;
			productName = FirebaseMessaging;
		};
		1FDB090B2D3180F900435A22 /* FirebaseStorage */ = {
			isa = XCSwiftPackageProductDependency;
			package = 1FDB09002D3180F900435A22 /* XCRemoteSwiftPackageReference "firebase-ios-sdk" */;
			productName = FirebaseStorage;
		};
/* End XCSwiftPackageProductDependency section */
	};
	rootObject = 1FC435DA2D301A7A0048EB5C /* Project object */;
}
